// !$*UTF8*$!
{
	archiveVersion = 1;
	classes = {
	};
	objectVersion = 55;
	objects = {

/* Begin PBXBuildFile section */
		9D5FD3492AD33A6F00C4BFF0 /* SDWebImageSwiftUI in Frameworks */ = {isa = PBXBuildFile; productRef = 9D5FD3482AD33A6F00C4BFF0 /* SDWebImageSwiftUI */; };
		9D5FD34C2AD3455D00C4BFF0 /* Pokedex.swift in Sources */ = {isa = PBXBuildFile; fileRef = 9D5FD34B2AD3455D00C4BFF0 /* Pokedex.swift */; };
		9DA1ECF32AD252E700173E76 /* PokedexApp.swift in Sources */ = {isa = PBXBuildFile; fileRef = 9DA1ECF22AD252E700173E76 /* PokedexApp.swift */; };
		9DA1ECF52AD252E700173E76 /* ContentView.swift in Sources */ = {isa = PBXBuildFile; fileRef = 9DA1ECF42AD252E700173E76 /* ContentView.swift */; };
		9DA1ECF72AD252EC00173E76 /* Assets.xcassets in Resources */ = {isa = PBXBuildFile; fileRef = 9DA1ECF62AD252EC00173E76 /* Assets.xcassets */; };
		9DA1ECFA2AD252EC00173E76 /* Preview Assets.xcassets in Resources */ = {isa = PBXBuildFile; fileRef = 9DA1ECF92AD252EC00173E76 /* Preview Assets.xcassets */; };
		9DA1ED042AD252EC00173E76 /* PokedexTests.swift in Sources */ = {isa = PBXBuildFile; fileRef = 9DA1ED032AD252EC00173E76 /* PokedexTests.swift */; };
		9DA1ED0E2AD252EC00173E76 /* PokedexUITests.swift in Sources */ = {isa = PBXBuildFile; fileRef = 9DA1ED0D2AD252EC00173E76 /* PokedexUITests.swift */; };
		9DA1ED102AD252EC00173E76 /* PokedexUITestsLaunchTests.swift in Sources */ = {isa = PBXBuildFile; fileRef = 9DA1ED0F2AD252EC00173E76 /* PokedexUITestsLaunchTests.swift */; };
		9DBBADEA2ADB97AE00A7157E /* ContentViewModel.swift in Sources */ = {isa = PBXBuildFile; fileRef = 9DBBADE92ADB97AE00A7157E /* ContentViewModel.swift */; };
		9DBBADF02ADBBB9600A7157E /* PokemonListRequirement.swift in Sources */ = {isa = PBXBuildFile; fileRef = 9DBBADEF2ADBBB9600A7157E /* PokemonListRequirement.swift */; };
		9DBBADF22ADBBBAA00A7157E /* PokemonInfoRequirement.swift in Sources */ = {isa = PBXBuildFile; fileRef = 9DBBADF12ADBBBAA00A7157E /* PokemonInfoRequirement.swift */; };
		9DE22C762AD4534F000C181C /* PokemonRepository.swift in Sources */ = {isa = PBXBuildFile; fileRef = 9DE22C752AD4534F000C181C /* PokemonRepository.swift */; };
		9DE22C782AD456A9000C181C /* NetworkAPIService.swift in Sources */ = {isa = PBXBuildFile; fileRef = 9DE22C772AD456A9000C181C /* NetworkAPIService.swift */; };
		9DE22C812AD45C8F000C181C /* Alamofire in Frameworks */ = {isa = PBXBuildFile; productRef = 9DE22C802AD45C8F000C181C /* Alamofire */; };
/* End PBXBuildFile section */

/* Begin PBXContainerItemProxy section */
		9DA1ED002AD252EC00173E76 /* PBXContainerItemProxy */ = {
			isa = PBXContainerItemProxy;
			containerPortal = 9DA1ECE72AD252E600173E76 /* Project object */;
			proxyType = 1;
			remoteGlobalIDString = 9DA1ECEE2AD252E600173E76;
			remoteInfo = Pokedex;
		};
		9DA1ED0A2AD252EC00173E76 /* PBXContainerItemProxy */ = {
			isa = PBXContainerItemProxy;
			containerPortal = 9DA1ECE72AD252E600173E76 /* Project object */;
			proxyType = 1;
			remoteGlobalIDString = 9DA1ECEE2AD252E600173E76;
			remoteInfo = Pokedex;
		};
/* End PBXContainerItemProxy section */

/* Begin PBXFileReference section */
		9D5FD34B2AD3455D00C4BFF0 /* Pokedex.swift */ = {isa = PBXFileReference; lastKnownFileType = sourcecode.swift; path = Pokedex.swift; sourceTree = "<group>"; };
		9DA1ECEF2AD252E700173E76 /* Pokedex.app */ = {isa = PBXFileReference; explicitFileType = wrapper.application; includeInIndex = 0; path = Pokedex.app; sourceTree = BUILT_PRODUCTS_DIR; };
		9DA1ECF22AD252E700173E76 /* PokedexApp.swift */ = {isa = PBXFileReference; lastKnownFileType = sourcecode.swift; path = PokedexApp.swift; sourceTree = "<group>"; };
		9DA1ECF42AD252E700173E76 /* ContentView.swift */ = {isa = PBXFileReference; lastKnownFileType = sourcecode.swift; path = ContentView.swift; sourceTree = "<group>"; };
		9DA1ECF62AD252EC00173E76 /* Assets.xcassets */ = {isa = PBXFileReference; lastKnownFileType = folder.assetcatalog; path = Assets.xcassets; sourceTree = "<group>"; };
		9DA1ECF92AD252EC00173E76 /* Preview Assets.xcassets */ = {isa = PBXFileReference; lastKnownFileType = folder.assetcatalog; path = "Preview Assets.xcassets"; sourceTree = "<group>"; };
		9DA1ECFF2AD252EC00173E76 /* PokedexTests.xctest */ = {isa = PBXFileReference; explicitFileType = wrapper.cfbundle; includeInIndex = 0; path = PokedexTests.xctest; sourceTree = BUILT_PRODUCTS_DIR; };
		9DA1ED032AD252EC00173E76 /* PokedexTests.swift */ = {isa = PBXFileReference; lastKnownFileType = sourcecode.swift; path = PokedexTests.swift; sourceTree = "<group>"; };
		9DA1ED092AD252EC00173E76 /* PokedexUITests.xctest */ = {isa = PBXFileReference; explicitFileType = wrapper.cfbundle; includeInIndex = 0; path = PokedexUITests.xctest; sourceTree = BUILT_PRODUCTS_DIR; };
		9DA1ED0D2AD252EC00173E76 /* PokedexUITests.swift */ = {isa = PBXFileReference; lastKnownFileType = sourcecode.swift; path = PokedexUITests.swift; sourceTree = "<group>"; };
		9DA1ED0F2AD252EC00173E76 /* PokedexUITestsLaunchTests.swift */ = {isa = PBXFileReference; lastKnownFileType = sourcecode.swift; path = PokedexUITestsLaunchTests.swift; sourceTree = "<group>"; };
		9DBBADE92ADB97AE00A7157E /* ContentViewModel.swift */ = {isa = PBXFileReference; lastKnownFileType = sourcecode.swift; path = ContentViewModel.swift; sourceTree = "<group>"; };
		9DBBADEF2ADBBB9600A7157E /* PokemonListRequirement.swift */ = {isa = PBXFileReference; lastKnownFileType = sourcecode.swift; path = PokemonListRequirement.swift; sourceTree = "<group>"; };
		9DBBADF12ADBBBAA00A7157E /* PokemonInfoRequirement.swift */ = {isa = PBXFileReference; lastKnownFileType = sourcecode.swift; path = PokemonInfoRequirement.swift; sourceTree = "<group>"; };
		9DE22C752AD4534F000C181C /* PokemonRepository.swift */ = {isa = PBXFileReference; lastKnownFileType = sourcecode.swift; path = PokemonRepository.swift; sourceTree = "<group>"; };
		9DE22C772AD456A9000C181C /* NetworkAPIService.swift */ = {isa = PBXFileReference; lastKnownFileType = sourcecode.swift; path = NetworkAPIService.swift; sourceTree = "<group>"; };
/* End PBXFileReference section */

/* Begin PBXFrameworksBuildPhase section */
		9DA1ECEC2AD252E600173E76 /* Frameworks */ = {
			isa = PBXFrameworksBuildPhase;
			buildActionMask = 2147483647;
			files = (
				9D5FD3492AD33A6F00C4BFF0 /* SDWebImageSwiftUI in Frameworks */,
				9DE22C812AD45C8F000C181C /* Alamofire in Frameworks */,
			);
			runOnlyForDeploymentPostprocessing = 0;
		};
		9DA1ECFC2AD252EC00173E76 /* Frameworks */ = {
			isa = PBXFrameworksBuildPhase;
			buildActionMask = 2147483647;
			files = (
			);
			runOnlyForDeploymentPostprocessing = 0;
		};
		9DA1ED062AD252EC00173E76 /* Frameworks */ = {
			isa = PBXFrameworksBuildPhase;
			buildActionMask = 2147483647;
			files = (
			);
			runOnlyForDeploymentPostprocessing = 0;
		};
/* End PBXFrameworksBuildPhase section */

/* Begin PBXGroup section */
		9D5FD34A2AD3450100C4BFF0 /* Modelos */ = {
			isa = PBXGroup;
			children = (
				9D5FD34B2AD3455D00C4BFF0 /* Pokedex.swift */,
			);
			path = Modelos;
			sourceTree = "<group>";
		};
		9DA1ECE62AD252E600173E76 = {
			isa = PBXGroup;
			children = (
				9DA1ECF12AD252E700173E76 /* Pokedex */,
				9DA1ED022AD252EC00173E76 /* PokedexTests */,
				9DA1ED0C2AD252EC00173E76 /* PokedexUITests */,
				9DA1ECF02AD252E700173E76 /* Products */,
			);
			sourceTree = "<group>";
		};
		9DA1ECF02AD252E700173E76 /* Products */ = {
			isa = PBXGroup;
			children = (
				9DA1ECEF2AD252E700173E76 /* Pokedex.app */,
				9DA1ECFF2AD252EC00173E76 /* PokedexTests.xctest */,
				9DA1ED092AD252EC00173E76 /* PokedexUITests.xctest */,
			);
			name = Products;
			sourceTree = "<group>";
		};
		9DA1ECF12AD252E700173E76 /* Pokedex */ = {
			isa = PBXGroup;
			children = (
				9DBBADED2ADBB86A00A7157E /* Framework */,
				9DBBADEB2ADBB85600A7157E /* Domain */,
				9DBBADEC2ADBB86100A7157E /* Data */,
				9DA1ECF22AD252E700173E76 /* PokedexApp.swift */,
				9DA1ECF62AD252EC00173E76 /* Assets.xcassets */,
				9DA1ECF82AD252EC00173E76 /* Preview Content */,
			);
			path = Pokedex;
			sourceTree = "<group>";
		};
		9DA1ECF82AD252EC00173E76 /* Preview Content */ = {
			isa = PBXGroup;
			children = (
				9DA1ECF92AD252EC00173E76 /* Preview Assets.xcassets */,
			);
			path = "Preview Content";
			sourceTree = "<group>";
		};
		9DA1ED022AD252EC00173E76 /* PokedexTests */ = {
			isa = PBXGroup;
			children = (
				9DA1ED032AD252EC00173E76 /* PokedexTests.swift */,
			);
			path = PokedexTests;
			sourceTree = "<group>";
		};
		9DA1ED0C2AD252EC00173E76 /* PokedexUITests */ = {
			isa = PBXGroup;
			children = (
				9DA1ED0D2AD252EC00173E76 /* PokedexUITests.swift */,
				9DA1ED0F2AD252EC00173E76 /* PokedexUITestsLaunchTests.swift */,
			);
			path = PokedexUITests;
			sourceTree = "<group>";
		};
		9DBBADE72ADB973800A7157E /* Views */ = {
			isa = PBXGroup;
			children = (
				9DA1ECF42AD252E700173E76 /* ContentView.swift */,
			);
			path = Views;
			sourceTree = "<group>";
		};
		9DBBADE82ADB977F00A7157E /* ViewModels */ = {
			isa = PBXGroup;
			children = (
				9DBBADE92ADB97AE00A7157E /* ContentViewModel.swift */,
			);
			path = ViewModels;
			sourceTree = "<group>";
		};
		9DBBADEB2ADBB85600A7157E /* Domain */ = {
			isa = PBXGroup;
			children = (
				9DBBADEF2ADBBB9600A7157E /* PokemonListRequirement.swift */,
				9DBBADF12ADBBBAA00A7157E /* PokemonInfoRequirement.swift */,
			);
			path = Domain;
			sourceTree = "<group>";
		};
		9DBBADEC2ADBB86100A7157E /* Data */ = {
			isa = PBXGroup;
			children = (
				9DE22C752AD4534F000C181C /* PokemonRepository.swift */,
				9DBBADEE2ADBBA7400A7157E /* Network */,
				9D5FD34A2AD3450100C4BFF0 /* Modelos */,
			);
			path = Data;
			sourceTree = "<group>";
		};
		9DBBADED2ADBB86A00A7157E /* Framework */ = {
			isa = PBXGroup;
			children = (
				9DBBADE72ADB973800A7157E /* Views */,
				9DBBADE82ADB977F00A7157E /* ViewModels */,
			);
			path = Framework;
			sourceTree = "<group>";
		};
		9DBBADEE2ADBBA7400A7157E /* Network */ = {
			isa = PBXGroup;
			children = (
				9DE22C772AD456A9000C181C /* NetworkAPIService.swift */,
			);
			path = Network;
			sourceTree = "<group>";
		};
/* End PBXGroup section */

/* Begin PBXNativeTarget section */
		9DA1ECEE2AD252E600173E76 /* Pokedex */ = {
			isa = PBXNativeTarget;
			buildConfigurationList = 9DA1ED132AD252EC00173E76 /* Build configuration list for PBXNativeTarget "Pokedex" */;
			buildPhases = (
				9DA1ECEB2AD252E600173E76 /* Sources */,
				9DA1ECEC2AD252E600173E76 /* Frameworks */,
				9DA1ECED2AD252E600173E76 /* Resources */,
			);
			buildRules = (
			);
			dependencies = (
			);
			name = Pokedex;
			packageProductDependencies = (
				9D5FD3482AD33A6F00C4BFF0 /* SDWebImageSwiftUI */,
				9DE22C802AD45C8F000C181C /* Alamofire */,
			);
			productName = Pokedex;
			productReference = 9DA1ECEF2AD252E700173E76 /* Pokedex.app */;
			productType = "com.apple.product-type.application";
		};
		9DA1ECFE2AD252EC00173E76 /* PokedexTests */ = {
			isa = PBXNativeTarget;
			buildConfigurationList = 9DA1ED162AD252EC00173E76 /* Build configuration list for PBXNativeTarget "PokedexTests" */;
			buildPhases = (
				9DA1ECFB2AD252EC00173E76 /* Sources */,
				9DA1ECFC2AD252EC00173E76 /* Frameworks */,
				9DA1ECFD2AD252EC00173E76 /* Resources */,
			);
			buildRules = (
			);
			dependencies = (
				9DA1ED012AD252EC00173E76 /* PBXTargetDependency */,
			);
			name = PokedexTests;
			productName = PokedexTests;
			productReference = 9DA1ECFF2AD252EC00173E76 /* PokedexTests.xctest */;
			productType = "com.apple.product-type.bundle.unit-test";
		};
		9DA1ED082AD252EC00173E76 /* PokedexUITests */ = {
			isa = PBXNativeTarget;
			buildConfigurationList = 9DA1ED192AD252EC00173E76 /* Build configuration list for PBXNativeTarget "PokedexUITests" */;
			buildPhases = (
				9DA1ED052AD252EC00173E76 /* Sources */,
				9DA1ED062AD252EC00173E76 /* Frameworks */,
				9DA1ED072AD252EC00173E76 /* Resources */,
			);
			buildRules = (
			);
			dependencies = (
				9DA1ED0B2AD252EC00173E76 /* PBXTargetDependency */,
			);
			name = PokedexUITests;
			productName = PokedexUITests;
			productReference = 9DA1ED092AD252EC00173E76 /* PokedexUITests.xctest */;
			productType = "com.apple.product-type.bundle.ui-testing";
		};
/* End PBXNativeTarget section */

/* Begin PBXProject section */
		9DA1ECE72AD252E600173E76 /* Project object */ = {
			isa = PBXProject;
			attributes = {
				BuildIndependentTargetsInParallel = 1;
				LastSwiftUpdateCheck = 1320;
				LastUpgradeCheck = 1320;
				TargetAttributes = {
					9DA1ECEE2AD252E600173E76 = {
						CreatedOnToolsVersion = 13.2;
					};
					9DA1ECFE2AD252EC00173E76 = {
						CreatedOnToolsVersion = 13.2;
						TestTargetID = 9DA1ECEE2AD252E600173E76;
					};
					9DA1ED082AD252EC00173E76 = {
						CreatedOnToolsVersion = 13.2;
						TestTargetID = 9DA1ECEE2AD252E600173E76;
					};
				};
			};
			buildConfigurationList = 9DA1ECEA2AD252E600173E76 /* Build configuration list for PBXProject "Pokedex" */;
			compatibilityVersion = "Xcode 13.0";
			developmentRegion = en;
			hasScannedForEncodings = 0;
			knownRegions = (
				en,
				Base,
			);
			mainGroup = 9DA1ECE62AD252E600173E76;
			packageReferences = (
				9D5FD3472AD33A6F00C4BFF0 /* XCRemoteSwiftPackageReference "SDWebImageSwiftUI" */,
				9DE22C7F2AD45C8F000C181C /* XCRemoteSwiftPackageReference "Alamofire" */,
			);
			productRefGroup = 9DA1ECF02AD252E700173E76 /* Products */;
			projectDirPath = "";
			projectRoot = "";
			targets = (
				9DA1ECEE2AD252E600173E76 /* Pokedex */,
				9DA1ECFE2AD252EC00173E76 /* PokedexTests */,
				9DA1ED082AD252EC00173E76 /* PokedexUITests */,
			);
		};
/* End PBXProject section */

/* Begin PBXResourcesBuildPhase section */
		9DA1ECED2AD252E600173E76 /* Resources */ = {
			isa = PBXResourcesBuildPhase;
			buildActionMask = 2147483647;
			files = (
				9DA1ECFA2AD252EC00173E76 /* Preview Assets.xcassets in Resources */,
				9DA1ECF72AD252EC00173E76 /* Assets.xcassets in Resources */,
			);
			runOnlyForDeploymentPostprocessing = 0;
		};
		9DA1ECFD2AD252EC00173E76 /* Resources */ = {
			isa = PBXResourcesBuildPhase;
			buildActionMask = 2147483647;
			files = (
			);
			runOnlyForDeploymentPostprocessing = 0;
		};
		9DA1ED072AD252EC00173E76 /* Resources */ = {
			isa = PBXResourcesBuildPhase;
			buildActionMask = 2147483647;
			files = (
			);
			runOnlyForDeploymentPostprocessing = 0;
		};
/* End PBXResourcesBuildPhase section */

/* Begin PBXSourcesBuildPhase section */
		9DA1ECEB2AD252E600173E76 /* Sources */ = {
			isa = PBXSourcesBuildPhase;
			buildActionMask = 2147483647;
			files = (
				9DBBADF02ADBBB9600A7157E /* PokemonListRequirement.swift in Sources */,
				9DE22C762AD4534F000C181C /* PokemonRepository.swift in Sources */,
				9DA1ECF52AD252E700173E76 /* ContentView.swift in Sources */,
				9DBBADEA2ADB97AE00A7157E /* ContentViewModel.swift in Sources */,
				9DE22C782AD456A9000C181C /* NetworkAPIService.swift in Sources */,
				9DBBADF22ADBBBAA00A7157E /* PokemonInfoRequirement.swift in Sources */,
				9DA1ECF32AD252E700173E76 /* PokedexApp.swift in Sources */,
				9D5FD34C2AD3455D00C4BFF0 /* Pokedex.swift in Sources */,
			);
			runOnlyForDeploymentPostprocessing = 0;
		};
		9DA1ECFB2AD252EC00173E76 /* Sources */ = {
			isa = PBXSourcesBuildPhase;
			buildActionMask = 2147483647;
			files = (
				9DA1ED042AD252EC00173E76 /* PokedexTests.swift in Sources */,
			);
			runOnlyForDeploymentPostprocessing = 0;
		};
		9DA1ED052AD252EC00173E76 /* Sources */ = {
			isa = PBXSourcesBuildPhase;
			buildActionMask = 2147483647;
			files = (
				9DA1ED0E2AD252EC00173E76 /* PokedexUITests.swift in Sources */,
				9DA1ED102AD252EC00173E76 /* PokedexUITestsLaunchTests.swift in Sources */,
			);
			runOnlyForDeploymentPostprocessing = 0;
		};
/* End PBXSourcesBuildPhase section */

/* Begin PBXTargetDependency section */
		9DA1ED012AD252EC00173E76 /* PBXTargetDependency */ = {
			isa = PBXTargetDependency;
			target = 9DA1ECEE2AD252E600173E76 /* Pokedex */;
			targetProxy = 9DA1ED002AD252EC00173E76 /* PBXContainerItemProxy */;
		};
		9DA1ED0B2AD252EC00173E76 /* PBXTargetDependency */ = {
			isa = PBXTargetDependency;
			target = 9DA1ECEE2AD252E600173E76 /* Pokedex */;
			targetProxy = 9DA1ED0A2AD252EC00173E76 /* PBXContainerItemProxy */;
		};
/* End PBXTargetDependency section */

/* Begin XCBuildConfiguration section */
		9DA1ED112AD252EC00173E76 /* Debug */ = {
			isa = XCBuildConfiguration;
			buildSettings = {
				ALWAYS_SEARCH_USER_PATHS = NO;
				CLANG_ANALYZER_NONNULL = YES;
				CLANG_ANALYZER_NUMBER_OBJECT_CONVERSION = YES_AGGRESSIVE;
				CLANG_CXX_LANGUAGE_STANDARD = "gnu++17";
				CLANG_CXX_LIBRARY = "libc++";
				CLANG_ENABLE_MODULES = YES;
				CLANG_ENABLE_OBJC_ARC = YES;
				CLANG_ENABLE_OBJC_WEAK = YES;
				CLANG_WARN_BLOCK_CAPTURE_AUTORELEASING = YES;
				CLANG_WARN_BOOL_CONVERSION = YES;
				CLANG_WARN_COMMA = YES;
				CLANG_WARN_CONSTANT_CONVERSION = YES;
				CLANG_WARN_DEPRECATED_OBJC_IMPLEMENTATIONS = YES;
				CLANG_WARN_DIRECT_OBJC_ISA_USAGE = YES_ERROR;
				CLANG_WARN_DOCUMENTATION_COMMENTS = YES;
				CLANG_WARN_EMPTY_BODY = YES;
				CLANG_WARN_ENUM_CONVERSION = YES;
				CLANG_WARN_INFINITE_RECURSION = YES;
				CLANG_WARN_INT_CONVERSION = YES;
				CLANG_WARN_NON_LITERAL_NULL_CONVERSION = YES;
				CLANG_WARN_OBJC_IMPLICIT_RETAIN_SELF = YES;
				CLANG_WARN_OBJC_LITERAL_CONVERSION = YES;
				CLANG_WARN_OBJC_ROOT_CLASS = YES_ERROR;
				CLANG_WARN_QUOTED_INCLUDE_IN_FRAMEWORK_HEADER = YES;
				CLANG_WARN_RANGE_LOOP_ANALYSIS = YES;
				CLANG_WARN_STRICT_PROTOTYPES = YES;
				CLANG_WARN_SUSPICIOUS_MOVE = YES;
				CLANG_WARN_UNGUARDED_AVAILABILITY = YES_AGGRESSIVE;
				CLANG_WARN_UNREACHABLE_CODE = YES;
				CLANG_WARN__DUPLICATE_METHOD_MATCH = YES;
				COPY_PHASE_STRIP = NO;
				DEBUG_INFORMATION_FORMAT = dwarf;
				ENABLE_STRICT_OBJC_MSGSEND = YES;
				ENABLE_TESTABILITY = YES;
				GCC_C_LANGUAGE_STANDARD = gnu11;
				GCC_DYNAMIC_NO_PIC = NO;
				GCC_NO_COMMON_BLOCKS = YES;
				GCC_OPTIMIZATION_LEVEL = 0;
				GCC_PREPROCESSOR_DEFINITIONS = (
					"DEBUG=1",
					"$(inherited)",
				);
				GCC_WARN_64_TO_32_BIT_CONVERSION = YES;
				GCC_WARN_ABOUT_RETURN_TYPE = YES_ERROR;
				GCC_WARN_UNDECLARED_SELECTOR = YES;
				GCC_WARN_UNINITIALIZED_AUTOS = YES_AGGRESSIVE;
				GCC_WARN_UNUSED_FUNCTION = YES;
				GCC_WARN_UNUSED_VARIABLE = YES;
				IPHONEOS_DEPLOYMENT_TARGET = 15.2;
				MTL_ENABLE_DEBUG_INFO = INCLUDE_SOURCE;
				MTL_FAST_MATH = YES;
				ONLY_ACTIVE_ARCH = YES;
				SDKROOT = iphoneos;
				SWIFT_ACTIVE_COMPILATION_CONDITIONS = DEBUG;
				SWIFT_OPTIMIZATION_LEVEL = "-Onone";
			};
			name = Debug;
		};
		9DA1ED122AD252EC00173E76 /* Release */ = {
			isa = XCBuildConfiguration;
			buildSettings = {
				ALWAYS_SEARCH_USER_PATHS = NO;
				CLANG_ANALYZER_NONNULL = YES;
				CLANG_ANALYZER_NUMBER_OBJECT_CONVERSION = YES_AGGRESSIVE;
				CLANG_CXX_LANGUAGE_STANDARD = "gnu++17";
				CLANG_CXX_LIBRARY = "libc++";
				CLANG_ENABLE_MODULES = YES;
				CLANG_ENABLE_OBJC_ARC = YES;
				CLANG_ENABLE_OBJC_WEAK = YES;
				CLANG_WARN_BLOCK_CAPTURE_AUTORELEASING = YES;
				CLANG_WARN_BOOL_CONVERSION = YES;
				CLANG_WARN_COMMA = YES;
				CLANG_WARN_CONSTANT_CONVERSION = YES;
				CLANG_WARN_DEPRECATED_OBJC_IMPLEMENTATIONS = YES;
				CLANG_WARN_DIRECT_OBJC_ISA_USAGE = YES_ERROR;
				CLANG_WARN_DOCUMENTATION_COMMENTS = YES;
				CLANG_WARN_EMPTY_BODY = YES;
				CLANG_WARN_ENUM_CONVERSION = YES;
				CLANG_WARN_INFINITE_RECURSION = YES;
				CLANG_WARN_INT_CONVERSION = YES;
				CLANG_WARN_NON_LITERAL_NULL_CONVERSION = YES;
				CLANG_WARN_OBJC_IMPLICIT_RETAIN_SELF = YES;
				CLANG_WARN_OBJC_LITERAL_CONVERSION = YES;
				CLANG_WARN_OBJC_ROOT_CLASS = YES_ERROR;
				CLANG_WARN_QUOTED_INCLUDE_IN_FRAMEWORK_HEADER = YES;
				CLANG_WARN_RANGE_LOOP_ANALYSIS = YES;
				CLANG_WARN_STRICT_PROTOTYPES = YES;
				CLANG_WARN_SUSPICIOUS_MOVE = YES;
				CLANG_WARN_UNGUARDED_AVAILABILITY = YES_AGGRESSIVE;
				CLANG_WARN_UNREACHABLE_CODE = YES;
				CLANG_WARN__DUPLICATE_METHOD_MATCH = YES;
				COPY_PHASE_STRIP = NO;
				DEBUG_INFORMATION_FORMAT = "dwarf-with-dsym";
				ENABLE_NS_ASSERTIONS = NO;
				ENABLE_STRICT_OBJC_MSGSEND = YES;
				GCC_C_LANGUAGE_STANDARD = gnu11;
				GCC_NO_COMMON_BLOCKS = YES;
				GCC_WARN_64_TO_32_BIT_CONVERSION = YES;
				GCC_WARN_ABOUT_RETURN_TYPE = YES_ERROR;
				GCC_WARN_UNDECLARED_SELECTOR = YES;
				GCC_WARN_UNINITIALIZED_AUTOS = YES_AGGRESSIVE;
				GCC_WARN_UNUSED_FUNCTION = YES;
				GCC_WARN_UNUSED_VARIABLE = YES;
				IPHONEOS_DEPLOYMENT_TARGET = 15.2;
				MTL_ENABLE_DEBUG_INFO = NO;
				MTL_FAST_MATH = YES;
				SDKROOT = iphoneos;
				SWIFT_COMPILATION_MODE = wholemodule;
				SWIFT_OPTIMIZATION_LEVEL = "-O";
				VALIDATE_PRODUCT = YES;
			};
			name = Release;
		};
		9DA1ED142AD252EC00173E76 /* Debug */ = {
			isa = XCBuildConfiguration;
			buildSettings = {
				ASSETCATALOG_COMPILER_APPICON_NAME = AppIcon;
				ASSETCATALOG_COMPILER_GLOBAL_ACCENT_COLOR_NAME = AccentColor;
				CODE_SIGN_STYLE = Automatic;
				CURRENT_PROJECT_VERSION = 1;
				DEVELOPMENT_ASSET_PATHS = "\"Pokedex/Preview Content\"";
				DEVELOPMENT_TEAM = 2RMA49SUN4;
				ENABLE_PREVIEWS = YES;
				GENERATE_INFOPLIST_FILE = YES;
				INFOPLIST_KEY_UIApplicationSceneManifest_Generation = YES;
				INFOPLIST_KEY_UIApplicationSupportsIndirectInputEvents = YES;
				INFOPLIST_KEY_UILaunchScreen_Generation = YES;
				INFOPLIST_KEY_UISupportedInterfaceOrientations_iPad = "UIInterfaceOrientationPortrait UIInterfaceOrientationPortraitUpsideDown UIInterfaceOrientationLandscapeLeft UIInterfaceOrientationLandscapeRight";
				INFOPLIST_KEY_UISupportedInterfaceOrientations_iPhone = "UIInterfaceOrientationPortrait UIInterfaceOrientationLandscapeLeft UIInterfaceOrientationLandscapeRight";
				LD_RUNPATH_SEARCH_PATHS = (
					"$(inherited)",
					"@executable_path/Frameworks",
				);
				MARKETING_VERSION = 1.0;
				PRODUCT_BUNDLE_IDENTIFIER = com.labos.Pokedex;
				PRODUCT_NAME = "$(TARGET_NAME)";
				SWIFT_EMIT_LOC_STRINGS = YES;
				SWIFT_VERSION = 5.0;
				TARGETED_DEVICE_FAMILY = "1,2";
			};
			name = Debug;
		};
		9DA1ED152AD252EC00173E76 /* Release */ = {
			isa = XCBuildConfiguration;
			buildSettings = {
				ASSETCATALOG_COMPILER_APPICON_NAME = AppIcon;
				ASSETCATALOG_COMPILER_GLOBAL_ACCENT_COLOR_NAME = AccentColor;
				CODE_SIGN_STYLE = Automatic;
				CURRENT_PROJECT_VERSION = 1;
				DEVELOPMENT_ASSET_PATHS = "\"Pokedex/Preview Content\"";
				DEVELOPMENT_TEAM = 2RMA49SUN4;
				ENABLE_PREVIEWS = YES;
				GENERATE_INFOPLIST_FILE = YES;
				INFOPLIST_KEY_UIApplicationSceneManifest_Generation = YES;
				INFOPLIST_KEY_UIApplicationSupportsIndirectInputEvents = YES;
				INFOPLIST_KEY_UILaunchScreen_Generation = YES;
				INFOPLIST_KEY_UISupportedInterfaceOrientations_iPad = "UIInterfaceOrientationPortrait UIInterfaceOrientationPortraitUpsideDown UIInterfaceOrientationLandscapeLeft UIInterfaceOrientationLandscapeRight";
				INFOPLIST_KEY_UISupportedInterfaceOrientations_iPhone = "UIInterfaceOrientationPortrait UIInterfaceOrientationLandscapeLeft UIInterfaceOrientationLandscapeRight";
				LD_RUNPATH_SEARCH_PATHS = (
					"$(inherited)",
					"@executable_path/Frameworks",
				);
				MARKETING_VERSION = 1.0;
				PRODUCT_BUNDLE_IDENTIFIER = com.labos.Pokedex;
				PRODUCT_NAME = "$(TARGET_NAME)";
				SWIFT_EMIT_LOC_STRINGS = YES;
				SWIFT_VERSION = 5.0;
				TARGETED_DEVICE_FAMILY = "1,2";
			};
			name = Release;
		};
		9DA1ED172AD252EC00173E76 /* Debug */ = {
			isa = XCBuildConfiguration;
			buildSettings = {
				ALWAYS_EMBED_SWIFT_STANDARD_LIBRARIES = YES;
				BUNDLE_LOADER = "$(TEST_HOST)";
				CODE_SIGN_STYLE = Automatic;
				CURRENT_PROJECT_VERSION = 1;
				DEVELOPMENT_TEAM = 2RMA49SUN4;
				GENERATE_INFOPLIST_FILE = YES;
				IPHONEOS_DEPLOYMENT_TARGET = 15.2;
				MARKETING_VERSION = 1.0;
				PRODUCT_BUNDLE_IDENTIFIER = com.labos.PokedexTests;
				PRODUCT_NAME = "$(TARGET_NAME)";
				SWIFT_EMIT_LOC_STRINGS = NO;
				SWIFT_VERSION = 5.0;
				TARGETED_DEVICE_FAMILY = "1,2";
				TEST_HOST = "$(BUILT_PRODUCTS_DIR)/Pokedex.app/Pokedex";
			};
			name = Debug;
		};
		9DA1ED182AD252EC00173E76 /* Release */ = {
			isa = XCBuildConfiguration;
			buildSettings = {
				ALWAYS_EMBED_SWIFT_STANDARD_LIBRARIES = YES;
				BUNDLE_LOADER = "$(TEST_HOST)";
				CODE_SIGN_STYLE = Automatic;
				CURRENT_PROJECT_VERSION = 1;
				DEVELOPMENT_TEAM = 2RMA49SUN4;
				GENERATE_INFOPLIST_FILE = YES;
				IPHONEOS_DEPLOYMENT_TARGET = 15.2;
				MARKETING_VERSION = 1.0;
				PRODUCT_BUNDLE_IDENTIFIER = com.labos.PokedexTests;
				PRODUCT_NAME = "$(TARGET_NAME)";
				SWIFT_EMIT_LOC_STRINGS = NO;
				SWIFT_VERSION = 5.0;
				TARGETED_DEVICE_FAMILY = "1,2";
				TEST_HOST = "$(BUILT_PRODUCTS_DIR)/Pokedex.app/Pokedex";
			};
			name = Release;
		};
		9DA1ED1A2AD252EC00173E76 /* Debug */ = {
			isa = XCBuildConfiguration;
			buildSettings = {
				ALWAYS_EMBED_SWIFT_STANDARD_LIBRARIES = YES;
				CODE_SIGN_STYLE = Automatic;
				CURRENT_PROJECT_VERSION = 1;
				DEVELOPMENT_TEAM = 2RMA49SUN4;
				GENERATE_INFOPLIST_FILE = YES;
				MARKETING_VERSION = 1.0;
				PRODUCT_BUNDLE_IDENTIFIER = com.labos.PokedexUITests;
				PRODUCT_NAME = "$(TARGET_NAME)";
				SWIFT_EMIT_LOC_STRINGS = NO;
				SWIFT_VERSION = 5.0;
				TARGETED_DEVICE_FAMILY = "1,2";
				TEST_TARGET_NAME = Pokedex;
			};
			name = Debug;
		};
		9DA1ED1B2AD252EC00173E76 /* Release */ = {
			isa = XCBuildConfiguration;
			buildSettings = {
				ALWAYS_EMBED_SWIFT_STANDARD_LIBRARIES = YES;
				CODE_SIGN_STYLE = Automatic;
				CURRENT_PROJECT_VERSION = 1;
				DEVELOPMENT_TEAM = 2RMA49SUN4;
				GENERATE_INFOPLIST_FILE = YES;
				MARKETING_VERSION = 1.0;
				PRODUCT_BUNDLE_IDENTIFIER = com.labos.PokedexUITests;
				PRODUCT_NAME = "$(TARGET_NAME)";
				SWIFT_EMIT_LOC_STRINGS = NO;
				SWIFT_VERSION = 5.0;
				TARGETED_DEVICE_FAMILY = "1,2";
				TEST_TARGET_NAME = Pokedex;
			};
			name = Release;
		};
/* End XCBuildConfiguration section */

/* Begin XCConfigurationList section */
		9DA1ECEA2AD252E600173E76 /* Build configuration list for PBXProject "Pokedex" */ = {
			isa = XCConfigurationList;
			buildConfigurations = (
				9DA1ED112AD252EC00173E76 /* Debug */,
				9DA1ED122AD252EC00173E76 /* Release */,
			);
			defaultConfigurationIsVisible = 0;
			defaultConfigurationName = Release;
		};
		9DA1ED132AD252EC00173E76 /* Build configuration list for PBXNativeTarget "Pokedex" */ = {
			isa = XCConfigurationList;
			buildConfigurations = (
				9DA1ED142AD252EC00173E76 /* Debug */,
				9DA1ED152AD252EC00173E76 /* Release */,
			);
			defaultConfigurationIsVisible = 0;
			defaultConfigurationName = Release;
		};
		9DA1ED162AD252EC00173E76 /* Build configuration list for PBXNativeTarget "PokedexTests" */ = {
			isa = XCConfigurationList;
			buildConfigurations = (
				9DA1ED172AD252EC00173E76 /* Debug */,
				9DA1ED182AD252EC00173E76 /* Release */,
			);
			defaultConfigurationIsVisible = 0;
			defaultConfigurationName = Release;
		};
		9DA1ED192AD252EC00173E76 /* Build configuration list for PBXNativeTarget "PokedexUITests" */ = {
			isa = XCConfigurationList;
			buildConfigurations = (
				9DA1ED1A2AD252EC00173E76 /* Debug */,
				9DA1ED1B2AD252EC00173E76 /* Release */,
			);
			defaultConfigurationIsVisible = 0;
			defaultConfigurationName = Release;
		};
/* End XCConfigurationList section */

/* Begin XCRemoteSwiftPackageReference section */
		9D5FD3472AD33A6F00C4BFF0 /* XCRemoteSwiftPackageReference "SDWebImageSwiftUI" */ = {
			isa = XCRemoteSwiftPackageReference;
			repositoryURL = "https://github.com/SDWebImage/SDWebImageSwiftUI";
			requirement = {
				kind = upToNextMajorVersion;
				minimumVersion = 2.0.0;
			};
		};
		9DE22C7F2AD45C8F000C181C /* XCRemoteSwiftPackageReference "Alamofire" */ = {
			isa = XCRemoteSwiftPackageReference;
			repositoryURL = "https://github.com/Alamofire/Alamofire.git";
			requirement = {
				kind = upToNextMajorVersion;
				minimumVersion = 5.0.0;
			};
		};
/* End XCRemoteSwiftPackageReference section */

/* Begin XCSwiftPackageProductDependency section */
		9D5FD3482AD33A6F00C4BFF0 /* SDWebImageSwiftUI */ = {
			isa = XCSwiftPackageProductDependency;
			package = 9D5FD3472AD33A6F00C4BFF0 /* XCRemoteSwiftPackageReference "SDWebImageSwiftUI" */;
			productName = SDWebImageSwiftUI;
		};
		9DE22C802AD45C8F000C181C /* Alamofire */ = {
			isa = XCSwiftPackageProductDependency;
			package = 9DE22C7F2AD45C8F000C181C /* XCRemoteSwiftPackageReference "Alamofire" */;
			productName = Alamofire;
		};
/* End XCSwiftPackageProductDependency section */
	};
	rootObject = 9DA1ECE72AD252E600173E76 /* Project object */;
}
