{
  "object": {
    "pins": [
      {
        "package": "Alamofire",
        "repositoryURL": "https://github.com/Alamofire/Alamofire.git",
        "state": {
          "branch": "master",
          "revision": "7f1bff79126ab8fe17744e062723179b36e17f97",
          "version": null
        }
      },
      {
        "package": "SDWebImage",
        "repositoryURL": "https://github.com/SDWebImage/SDWebImage.git",
        "state": {
          "branch": null,
          "revision": "936f1c7067728d16c362ba4fb93c17df78b5fd79",
          "version": "5.18.2"
        }
      },
      {
        "package": "SDWebImageSwiftUI",
        "repositoryURL": "https://github.com/SDWebImage/SDWebImageSwiftUI",
        "state": {
          "branch": null,
          "revision": "e837c37d45449fbd3b4745c10c5b5274e73edead",
          "version": "2.2.3"
        }
      }
    ]
  },
  "version": 1
}
